
Microsoft Visual Studio Solution File, Format Version 12.00
# Visual Studio Version 17
VisualStudioVersion = 17.13.35818.85 d17.13
MinimumVisualStudioVersion = 10.0.40219.1
Project("{FAE04EC0-301F-11D3-BF4B-00C04F79EFBC}") = "GuessTheNumber", "GuessTheNumber.csproj", "{69A7C380-0CA4-43F7-816F-179219E1EE6A}"
EndProject
Project("{FAE04EC0-301F-11D3-BF4B-00C04F79EFBC}") = "GuessTheNumber.Tests", "..\GuessTheNumber.Tests\GuessTheNumber.Tests.csproj", "{9432AFED-56B2-42DD-80D4-C53B8ED700BA}"
EndProject
Global
	GlobalSection(SolutionConfigurationPlatforms) = preSolution
		Debug|Any CPU = Debug|Any CPU
		Release|Any CPU = Release|Any CPU
	EndGlobalSection
	GlobalSection(ProjectConfigurationPlatforms) = postSolution
		{69A7C380-0CA4-43F7-816F-179219E1EE6A}.Debug|Any CPU.ActiveCfg = Debug|Any CPU
		{69A7C380-0CA4-43F7-816F-179219E1EE6A}.Debug|Any CPU.Build.0 = Debug|Any CPU
		{69A7C380-0CA4-43F7-816F-179219E1EE6A}.Release|Any CPU.ActiveCfg = Release|Any CPU
		{69A7C380-0CA4-43F7-816F-179219E1EE6A}.Release|Any CPU.Build.0 = Release|Any CPU
		{9432AFED-56B2-42DD-80D4-C53B8ED700BA}.Debug|Any CPU.ActiveCfg = Debug|Any CPU
		{9432AFED-56B2-42DD-80D4-C53B8ED700BA}.Debug|Any CPU.Build.0 = Debug|Any CPU
		{9432AFED-56B2-42DD-80D4-C53B8ED700BA}.Release|Any CPU.ActiveCfg = Release|Any CPU
		{9432AFED-56B2-42DD-80D4-C53B8ED700BA}.Release|Any CPU.Build.0 = Release|Any CPU
	EndGlobalSection
	GlobalSection(SolutionProperties) = preSolution
		HideSolutionNode = FALSE
	EndGlobalSection
	GlobalSection(ExtensibilityGlobals) = postSolution
		SolutionGuid = {69AD26A8-0828-4801-A8C5-23DCB242EE42}
	EndGlobalSection
EndGlobal
